
Microsoft Visual Studio Solution File, Format Version 12.00
# Visual Studio 15
VisualStudioVersion = 15.0.28307.902
MinimumVisualStudioVersion = 10.0.40219.1
Project("{FAE04EC0-301F-11D3-BF4B-00C04F79EFBC}") = "TravelCompanyApp", "TravelCompanyApp\TravelCompanyApp.csproj", "{E59AB21A-15D4-40C8-A770-2301AFA6BD7F}"
EndProject
Global
	GlobalSection(SolutionConfigurationPlatforms) = preSolution
		Debug|Any CPU = Debug|Any CPU
		Release|Any CPU = Release|Any CPU
	EndGlobalSection
	GlobalSection(ProjectConfigurationPlatforms) = postSolution
		{E59AB21A-15D4-40C8-A770-2301AFA6BD7F}.Debug|Any CPU.ActiveCfg = Debug|Any CPU
		{E59AB21A-15D4-40C8-A770-2301AFA6BD7F}.Debug|Any CPU.Build.0 = Debug|Any CPU
		{E59AB21A-15D4-40C8-A770-2301AFA6BD7F}.Release|Any CPU.ActiveCfg = Release|Any CPU
		{E59AB21A-15D4-40C8-A770-2301AFA6BD7F}.Release|Any CPU.Build.0 = Release|Any CPU
	EndGlobalSection
	GlobalSection(SolutionProperties) = preSolution
		HideSolutionNode = FALSE
	EndGlobalSection
	GlobalSection(ExtensibilityGlobals) = postSolution
		SolutionGuid = {52423C8F-14E7-4A85-AAD9-170643457A70}
	EndGlobalSection
EndGlobal
